
Microsoft Visual Studio Solution File, Format Version 12.00
# Visual Studio Version 17
VisualStudioVersion = 17.2.32516.85
MinimumVisualStudioVersion = 10.0.40219.1
Project("{FAE04EC0-301F-11D3-BF4B-00C04F79EFBC}") = "ConsoleApp", "ConsoleApp\ConsoleApp.csproj", "{F0B196DA-DA1E-4ADB-B8B2-8BF9A97AB623}"
EndProject
Project("{FAE04EC0-301F-11D3-BF4B-00C04F79EFBC}") = "DateTimeManipulation", "DateTimeManipulation\DateTimeManipulation.csproj", "{1FF6314A-02CF-4DBF-8A30-D0E00EB733C2}"
EndProject
Project("{FAE04EC0-301F-11D3-BF4B-00C04F79EFBC}") = "ExceptionHandling", "ExceptionHandling\ExceptionHandling.csproj", "{2297ABA5-B3FD-4F75-B92A-3E10415E4360}"
EndProject
Project("{FAE04EC0-301F-11D3-BF4B-00C04F79EFBC}") = "ArrayHandling", "ArrayHandling\ArrayHandling.csproj", "{B5DA0DF0-D102-4B07-BB65-6571F7AE8A68}"
EndProject
Project("{FAE04EC0-301F-11D3-BF4B-00C04F79EFBC}") = "ListsHandling", "ListsHandling\ListsHandling.csproj", "{C579A5F7-D301-4BA5-9F19-A4752D69EE97}"
EndProject
Project("{FAE04EC0-301F-11D3-BF4B-00C04F79EFBC}") = "OOPS_Programming", "OOPS_Programming\OOPS_Programming.csproj", "{C3871122-6552-4F33-9F77-A2EB3CA7028D}"
EndProject
Project("{FAE04EC0-301F-11D3-BF4B-00C04F79EFBC}") = "Inheritance_Abstr_interface", "Inheritance_Abstr_interface\Inheritance_Abstr_interface.csproj", "{37160624-EDA5-4947-AF22-362132B1EAB3}"
EndProject
Global
	GlobalSection(SolutionConfigurationPlatforms) = preSolution
		Debug|Any CPU = Debug|Any CPU
		Release|Any CPU = Release|Any CPU
	EndGlobalSection
	GlobalSection(ProjectConfigurationPlatforms) = postSolution
		{F0B196DA-DA1E-4ADB-B8B2-8BF9A97AB623}.Debug|Any CPU.ActiveCfg = Debug|Any CPU
		{F0B196DA-DA1E-4ADB-B8B2-8BF9A97AB623}.Debug|Any CPU.Build.0 = Debug|Any CPU
		{F0B196DA-DA1E-4ADB-B8B2-8BF9A97AB623}.Release|Any CPU.ActiveCfg = Release|Any CPU
		{F0B196DA-DA1E-4ADB-B8B2-8BF9A97AB623}.Release|Any CPU.Build.0 = Release|Any CPU
		{1FF6314A-02CF-4DBF-8A30-D0E00EB733C2}.Debug|Any CPU.ActiveCfg = Debug|Any CPU
		{1FF6314A-02CF-4DBF-8A30-D0E00EB733C2}.Debug|Any CPU.Build.0 = Debug|Any CPU
		{1FF6314A-02CF-4DBF-8A30-D0E00EB733C2}.Release|Any CPU.ActiveCfg = Release|Any CPU
		{1FF6314A-02CF-4DBF-8A30-D0E00EB733C2}.Release|Any CPU.Build.0 = Release|Any CPU
		{2297ABA5-B3FD-4F75-B92A-3E10415E4360}.Debug|Any CPU.ActiveCfg = Debug|Any CPU
		{2297ABA5-B3FD-4F75-B92A-3E10415E4360}.Debug|Any CPU.Build.0 = Debug|Any CPU
		{2297ABA5-B3FD-4F75-B92A-3E10415E4360}.Release|Any CPU.ActiveCfg = Release|Any CPU
		{2297ABA5-B3FD-4F75-B92A-3E10415E4360}.Release|Any CPU.Build.0 = Release|Any CPU
		{B5DA0DF0-D102-4B07-BB65-6571F7AE8A68}.Debug|Any CPU.ActiveCfg = Debug|Any CPU
		{B5DA0DF0-D102-4B07-BB65-6571F7AE8A68}.Debug|Any CPU.Build.0 = Debug|Any CPU
		{B5DA0DF0-D102-4B07-BB65-6571F7AE8A68}.Release|Any CPU.ActiveCfg = Release|Any CPU
		{B5DA0DF0-D102-4B07-BB65-6571F7AE8A68}.Release|Any CPU.Build.0 = Release|Any CPU
		{C579A5F7-D301-4BA5-9F19-A4752D69EE97}.Debug|Any CPU.ActiveCfg = Debug|Any CPU
		{C579A5F7-D301-4BA5-9F19-A4752D69EE97}.Debug|Any CPU.Build.0 = Debug|Any CPU
		{C579A5F7-D301-4BA5-9F19-A4752D69EE97}.Release|Any CPU.ActiveCfg = Release|Any CPU
		{C579A5F7-D301-4BA5-9F19-A4752D69EE97}.Release|Any CPU.Build.0 = Release|Any CPU
		{C3871122-6552-4F33-9F77-A2EB3CA7028D}.Debug|Any CPU.ActiveCfg = Debug|Any CPU
		{C3871122-6552-4F33-9F77-A2EB3CA7028D}.Debug|Any CPU.Build.0 = Debug|Any CPU
		{C3871122-6552-4F33-9F77-A2EB3CA7028D}.Release|Any CPU.ActiveCfg = Release|Any CPU
		{C3871122-6552-4F33-9F77-A2EB3CA7028D}.Release|Any CPU.Build.0 = Release|Any CPU
		{37160624-EDA5-4947-AF22-362132B1EAB3}.Debug|Any CPU.ActiveCfg = Debug|Any CPU
		{37160624-EDA5-4947-AF22-362132B1EAB3}.Debug|Any CPU.Build.0 = Debug|Any CPU
		{37160624-EDA5-4947-AF22-362132B1EAB3}.Release|Any CPU.ActiveCfg = Release|Any CPU
		{37160624-EDA5-4947-AF22-362132B1EAB3}.Release|Any CPU.Build.0 = Release|Any CPU
	EndGlobalSection
	GlobalSection(SolutionProperties) = preSolution
		HideSolutionNode = FALSE
	EndGlobalSection
	GlobalSection(ExtensibilityGlobals) = postSolution
		SolutionGuid = {E0596241-F470-49C5-A132-BA098C942670}
	EndGlobalSection
EndGlobal
